// !$*UTF8*$!
{
	archiveVersion = 1;
	classes = {
	};
	objectVersion = 46;
	objects = {

/* Begin PBXBuildFile section */
		73ACBED51E400CB600EB477E /* AppDelegate.swift in Sources */ = {isa = PBXBuildFile; fileRef = 73ACBED41E400CB600EB477E /* AppDelegate.swift */; };
		73ACBEDA1E400CB600EB477E /* Main.storyboard in Resources */ = {isa = PBXBuildFile; fileRef = 73ACBED81E400CB600EB477E /* Main.storyboard */; };
		73ACBEDC1E400CB600EB477E /* Assets.xcassets in Resources */ = {isa = PBXBuildFile; fileRef = 73ACBEDB1E400CB600EB477E /* Assets.xcassets */; };
		73ACBEDF1E400CB600EB477E /* LaunchScreen.storyboard in Resources */ = {isa = PBXBuildFile; fileRef = 73ACBEDD1E400CB600EB477E /* LaunchScreen.storyboard */; };
		73ACBEE71E400F1A00EB477E /* SwitchOnViewController.swift in Sources */ = {isa = PBXBuildFile; fileRef = 73ACBEE61E400F1A00EB477E /* SwitchOnViewController.swift */; };
/* End PBXBuildFile section */

/* Begin PBXFileReference section */
		73ACBED11E400CB600EB477E /* FlashLight Unit1.app */ = {isa = PBXFileReference; explicitFileType = wrapper.application; includeInIndex = 0; path = "FlashLight Unit1.app"; sourceTree = BUILT_PRODUCTS_DIR; };
		73ACBED41E400CB600EB477E /* AppDelegate.swift */ = {isa = PBXFileReference; lastKnownFileType = sourcecode.swift; path = AppDelegate.swift; sourceTree = "<group>"; };
		73ACBED91E400CB600EB477E /* Base */ = {isa = PBXFileReference; lastKnownFileType = file.storyboard; name = Base; path = Base.lproj/Main.storyboard; sourceTree = "<group>"; };
		73ACBEDB1E400CB600EB477E /* Assets.xcassets */ = {isa = PBXFileReference; lastKnownFileType = folder.assetcatalog; path = Assets.xcassets; sourceTree = "<group>"; };
		73ACBEDE1E400CB600EB477E /* Base */ = {isa = PBXFileReference; lastKnownFileType = file.storyboard; name = Base; path = Base.lproj/LaunchScreen.storyboard; sourceTree = "<group>"; };
		73ACBEE01E400CB600EB477E /* Info.plist */ = {isa = PBXFileReference; lastKnownFileType = text.plist.xml; path = Info.plist; sourceTree = "<group>"; };
		73ACBEE61E400F1A00EB477E /* SwitchOnViewController.swift */ = {isa = PBXFileReference; fileEncoding = 4; lastKnownFileType = sourcecode.swift; path = SwitchOnViewController.swift; sourceTree = "<group>"; };
/* End PBXFileReference section */

/* Begin PBXFrameworksBuildPhase section */
		73ACBECE1E400CB600EB477E /* Frameworks */ = {
			isa = PBXFrameworksBuildPhase;
			buildActionMask = 2147483647;
			files = (
			);
			runOnlyForDeploymentPostprocessing = 0;
		};
/* End PBXFrameworksBuildPhase section */

/* Begin PBXGroup section */
		73ACBEC81E400CB600EB477E = {
			isa = PBXGroup;
			children = (
				73ACBED31E400CB600EB477E /* FlashLight Unit1 */,
				73ACBED21E400CB600EB477E /* Products */,
			);
			sourceTree = "<group>";
		};
		73ACBED21E400CB600EB477E /* Products */ = {
			isa = PBXGroup;
			children = (
				73ACBED11E400CB600EB477E /* FlashLight Unit1.app */,
			);
			name = Products;
			sourceTree = "<group>";
		};
		73ACBED31E400CB600EB477E /* FlashLight Unit1 */ = {
			isa = PBXGroup;
			children = (
				73ACBED41E400CB600EB477E /* AppDelegate.swift */,
				73ACBED81E400CB600EB477E /* Main.storyboard */,
				73ACBEE61E400F1A00EB477E /* SwitchOnViewController.swift */,
				73ACBEDB1E400CB600EB477E /* Assets.xcassets */,
				73ACBEDD1E400CB600EB477E /* LaunchScreen.storyboard */,
				73ACBEE01E400CB600EB477E /* Info.plist */,
			);
			path = "FlashLight Unit1";
			sourceTree = "<group>";
		};
/* End PBXGroup section */

/* Begin PBXNativeTarget section */
		73ACBED01E400CB600EB477E /* FlashLight Unit1 */ = {
			isa = PBXNativeTarget;
			buildConfigurationList = 73ACBEE31E400CB600EB477E /* Build configuration list for PBXNativeTarget "FlashLight Unit1" */;
			buildPhases = (
				73ACBECD1E400CB600EB477E /* Sources */,
				73ACBECE1E400CB600EB477E /* Frameworks */,
				73ACBECF1E400CB600EB477E /* Resources */,
			);
			buildRules = (
			);
			dependencies = (
			);
			name = "FlashLight Unit1";
			productName = "FlashLight Unit1";
			productReference = 73ACBED11E400CB600EB477E /* FlashLight Unit1.app */;
			productType = "com.apple.product-type.application";
		};
/* End PBXNativeTarget section */

/* Begin PBXProject section */
		73ACBEC91E400CB600EB477E /* Project object */ = {
			isa = PBXProject;
			attributes = {
				LastSwiftUpdateCheck = 0810;
				LastUpgradeCheck = 0810;
				ORGANIZATIONNAME = "Josh McDonald";
				TargetAttributes = {
					73ACBED01E400CB600EB477E = {
						CreatedOnToolsVersion = 8.1;
						ProvisioningStyle = Automatic;
					};
				};
			};
			buildConfigurationList = 73ACBECC1E400CB600EB477E /* Build configuration list for PBXProject "FlashLight Unit1" */;
			compatibilityVersion = "Xcode 3.2";
			developmentRegion = English;
			hasScannedForEncodings = 0;
			knownRegions = (
				en,
				Base,
			);
			mainGroup = 73ACBEC81E400CB600EB477E;
			productRefGroup = 73ACBED21E400CB600EB477E /* Products */;
			projectDirPath = "";
			projectRoot = "";
			targets = (
				73ACBED01E400CB600EB477E /* FlashLight Unit1 */,
			);
		};
/* End PBXProject section */

/* Begin PBXResourcesBuildPhase section */
		73ACBECF1E400CB600EB477E /* Resources */ = {
			isa = PBXResourcesBuildPhase;
			buildActionMask = 2147483647;
			files = (
				73ACBEDF1E400CB600EB477E /* LaunchScreen.storyboard in Resources */,
				73ACBEDC1E400CB600EB477E /* Assets.xcassets in Resources */,
				73ACBEDA1E400CB600EB477E /* Main.storyboard in Resources */,
			);
			runOnlyForDeploymentPostprocessing = 0;
		};
/* End PBXResourcesBuildPhase section */

/* Begin PBXSourcesBuildPhase section */
		73ACBECD1E400CB600EB477E /* Sources */ = {
			isa = PBXSourcesBuildPhase;
			buildActionMask = 2147483647;
			files = (
				73ACBED51E400CB600EB477E /* AppDelegate.swift in Sources */,
				73ACBEE71E400F1A00EB477E /* SwitchOnViewController.swift in Sources */,
			);
			runOnlyForDeploymentPostprocessing = 0;
		};
/* End PBXSourcesBuildPhase section */

/* Begin PBXVariantGroup section */
		73ACBED81E400CB600EB477E /* Main.storyboard */ = {
			isa = PBXVariantGroup;
			children = (
				73ACBED91E400CB600EB477E /* Base */,
			);
			name = Main.storyboard;
			sourceTree = "<group>";
		};
		73ACBEDD1E400CB600EB477E /* LaunchScreen.storyboard */ = {
			isa = PBXVariantGroup;
			children = (
				73ACBEDE1E400CB600EB477E /* Base */,
			);
			name = LaunchScreen.storyboard;
			sourceTree = "<group>";
		};
/* End PBXVariantGroup section */

/* Begin XCBuildConfiguration section */
		73ACBEE11E400CB600EB477E /* Debug */ = {
			isa = XCBuildConfiguration;
			buildSettings = {
				ALWAYS_SEARCH_USER_PATHS = NO;
				CLANG_ANALYZER_NONNULL = YES;
				CLANG_CXX_LANGUAGE_STANDARD = "gnu++0x";
				CLANG_CXX_LIBRARY = "libc++";
				CLANG_ENABLE_MODULES = YES;
				CLANG_ENABLE_OBJC_ARC = YES;
				CLANG_WARN_BOOL_CONVERSION = YES;
				CLANG_WARN_CONSTANT_CONVERSION = YES;
				CLANG_WARN_DIRECT_OBJC_ISA_USAGE = YES_ERROR;
				CLANG_WARN_DOCUMENTATION_COMMENTS = YES;
				CLANG_WARN_EMPTY_BODY = YES;
				CLANG_WARN_ENUM_CONVERSION = YES;
				CLANG_WARN_INFINITE_RECURSION = YES;
				CLANG_WARN_INT_CONVERSION = YES;
				CLANG_WARN_OBJC_ROOT_CLASS = YES_ERROR;
				CLANG_WARN_SUSPICIOUS_MOVES = YES;
				CLANG_WARN_UNREACHABLE_CODE = YES;
				CLANG_WARN__DUPLICATE_METHOD_MATCH = YES;
				"CODE_SIGN_IDENTITY[sdk=iphoneos*]" = "iPhone Developer";
				COPY_PHASE_STRIP = NO;
				DEBUG_INFORMATION_FORMAT = dwarf;
				ENABLE_STRICT_OBJC_MSGSEND = YES;
				ENABLE_TESTABILITY = YES;
				GCC_C_LANGUAGE_STANDARD = gnu99;
				GCC_DYNAMIC_NO_PIC = NO;
				GCC_NO_COMMON_BLOCKS = YES;
				GCC_OPTIMIZATION_LEVEL = 0;
				GCC_PREPROCESSOR_DEFINITIONS = (
					"DEBUG=1",
					"$(inherited)",
				);
				GCC_WARN_64_TO_32_BIT_CONVERSION = YES;
				GCC_WARN_ABOUT_RETURN_TYPE = YES_ERROR;
				GCC_WARN_UNDECLARED_SELECTOR = YES;
				GCC_WARN_UNINITIALIZED_AUTOS = YES_AGGRESSIVE;
				GCC_WARN_UNUSED_FUNCTION = YES;
				GCC_WARN_UNUSED_VARIABLE = YES;
				IPHONEOS_DEPLOYMENT_TARGET = 10.1;
				MTL_ENABLE_DEBUG_INFO = YES;
				ONLY_ACTIVE_ARCH = YES;
				SDKROOT = iphoneos;
				SWIFT_ACTIVE_COMPILATION_CONDITIONS = DEBUG;
				SWIFT_OPTIMIZATION_LEVEL = "-Onone";
				TARGETED_DEVICE_FAMILY = "1,2";
			};
			name = Debug;
		};
		73ACBEE21E400CB600EB477E /* Release */ = {
			isa = XCBuildConfiguration;
			buildSettings = {
				ALWAYS_SEARCH_USER_PATHS = NO;
				CLANG_ANALYZER_NONNULL = YES;
				CLANG_CXX_LANGUAGE_STANDARD = "gnu++0x";
				CLANG_CXX_LIBRARY = "libc++";
				CLANG_ENABLE_MODULES = YES;
				CLANG_ENABLE_OBJC_ARC = YES;
				CLANG_WARN_BOOL_CONVERSION = YES;
				CLANG_WARN_CONSTANT_CONVERSION = YES;
				CLANG_WARN_DIRECT_OBJC_ISA_USAGE = YES_ERROR;
				CLANG_WARN_DOCUMENTATION_COMMENTS = YES;
				CLANG_WARN_EMPTY_BODY = YES;
				CLANG_WARN_ENUM_CONVERSION = YES;
				CLANG_WARN_INFINITE_RECURSION = YES;
				CLANG_WARN_INT_CONVERSION = YES;
				CLANG_WARN_OBJC_ROOT_CLASS = YES_ERROR;
				CLANG_WARN_SUSPICIOUS_MOVES = YES;
				CLANG_WARN_UNREACHABLE_CODE = YES;
				CLANG_WARN__DUPLICATE_METHOD_MATCH = YES;
				"CODE_SIGN_IDENTITY[sdk=iphoneos*]" = "iPhone Developer";
				COPY_PHASE_STRIP = NO;
				DEBUG_INFORMATION_FORMAT = "dwarf-with-dsym";
				ENABLE_NS_ASSERTIONS = NO;
				ENABLE_STRICT_OBJC_MSGSEND = YES;
				GCC_C_LANGUAGE_STANDARD = gnu99;
				GCC_NO_COMMON_BLOCKS = YES;
				GCC_WARN_64_TO_32_BIT_CONVERSION = YES;
				GCC_WARN_ABOUT_RETURN_TYPE = YES_ERROR;
				GCC_WARN_UNDECLARED_SELECTOR = YES;
				GCC_WARN_UNINITIALIZED_AUTOS = YES_AGGRESSIVE;
				GCC_WARN_UNUSED_FUNCTION = YES;
				GCC_WARN_UNUSED_VARIABLE = YES;
				IPHONEOS_DEPLOYMENT_TARGET = 10.1;
				MTL_ENABLE_DEBUG_INFO = NO;
				SDKROOT = iphoneos;
				SWIFT_OPTIMIZATION_LEVEL = "-Owholemodule";
				TARGETED_DEVICE_FAMILY = "1,2";
				VALIDATE_PRODUCT = YES;
			};
			name = Release;
		};
		73ACBEE41E400CB600EB477E /* Debug */ = {
			isa = XCBuildConfiguration;
			buildSettings = {
				ASSETCATALOG_COMPILER_APPICON_NAME = AppIcon;
				INFOPLIST_FILE = "FlashLight Unit1/Info.plist";
				LD_RUNPATH_SEARCH_PATHS = "$(inherited) @executable_path/Frameworks";
				PRODUCT_BUNDLE_IDENTIFIER = "com.example.FlashLight-Unit1";
				PRODUCT_NAME = "$(TARGET_NAME)";
				SWIFT_VERSION = 3.0;
			};
			name = Debug;
		};
		73ACBEE51E400CB600EB477E /* Release */ = {
			isa = XCBuildConfiguration;
			buildSettings = {
				ASSETCATALOG_COMPILER_APPICON_NAME = AppIcon;
				INFOPLIST_FILE = "FlashLight Unit1/Info.plist";
				LD_RUNPATH_SEARCH_PATHS = "$(inherited) @executable_path/Frameworks";
				PRODUCT_BUNDLE_IDENTIFIER = "com.example.FlashLight-Unit1";
				PRODUCT_NAME = "$(TARGET_NAME)";
				SWIFT_VERSION = 3.0;
			};
			name = Release;
		};
/* End XCBuildConfiguration section */

/* Begin XCConfigurationList section */
		73ACBECC1E400CB600EB477E /* Build configuration list for PBXProject "FlashLight Unit1" */ = {
			isa = XCConfigurationList;
			buildConfigurations = (
				73ACBEE11E400CB600EB477E /* Debug */,
				73ACBEE21E400CB600EB477E /* Release */,
			);
			defaultConfigurationIsVisible = 0;
			defaultConfigurationName = Release;
		};
		73ACBEE31E400CB600EB477E /* Build configuration list for PBXNativeTarget "FlashLight Unit1" */ = {
			isa = XCConfigurationList;
			buildConfigurations = (
				73ACBEE41E400CB600EB477E /* Debug */,
				73ACBEE51E400CB600EB477E /* Release */,
			);
			defaultConfigurationIsVisible = 0;
		};
/* End XCConfigurationList section */
	};
	rootObject = 73ACBEC91E400CB600EB477E /* Project object */;
}
