// !$*UTF8*$!
{
	archiveVersion = 1;
	classes = {
	};
	objectVersion = 46;
	objects = {

/* Begin PBXBuildFile section */
		736B29311E452D7D00DF578A /* AppDelegate.swift in Sources */ = {isa = PBXBuildFile; fileRef = 736B29301E452D7D00DF578A /* AppDelegate.swift */; };
		736B29331E452D7D00DF578A /* ViewController.swift in Sources */ = {isa = PBXBuildFile; fileRef = 736B29321E452D7D00DF578A /* ViewController.swift */; };
		736B29361E452D7D00DF578A /* Main.storyboard in Resources */ = {isa = PBXBuildFile; fileRef = 736B29341E452D7D00DF578A /* Main.storyboard */; };
		736B29381E452D7D00DF578A /* Assets.xcassets in Resources */ = {isa = PBXBuildFile; fileRef = 736B29371E452D7D00DF578A /* Assets.xcassets */; };
		736B293B1E452D7D00DF578A /* LaunchScreen.storyboard in Resources */ = {isa = PBXBuildFile; fileRef = 736B29391E452D7D00DF578A /* LaunchScreen.storyboard */; };
/* End PBXBuildFile section */

/* Begin PBXFileReference section */
		736B292D1E452D7D00DF578A /* Test 1.2.app */ = {isa = PBXFileReference; explicitFileType = wrapper.application; includeInIndex = 0; path = "Test 1.2.app"; sourceTree = BUILT_PRODUCTS_DIR; };
		736B29301E452D7D00DF578A /* AppDelegate.swift */ = {isa = PBXFileReference; lastKnownFileType = sourcecode.swift; path = AppDelegate.swift; sourceTree = "<group>"; };
		736B29321E452D7D00DF578A /* ViewController.swift */ = {isa = PBXFileReference; lastKnownFileType = sourcecode.swift; path = ViewController.swift; sourceTree = "<group>"; };
		736B29351E452D7D00DF578A /* Base */ = {isa = PBXFileReference; lastKnownFileType = file.storyboard; name = Base; path = Base.lproj/Main.storyboard; sourceTree = "<group>"; };
		736B29371E452D7D00DF578A /* Assets.xcassets */ = {isa = PBXFileReference; lastKnownFileType = folder.assetcatalog; path = Assets.xcassets; sourceTree = "<group>"; };
		736B293A1E452D7D00DF578A /* Base */ = {isa = PBXFileReference; lastKnownFileType = file.storyboard; name = Base; path = Base.lproj/LaunchScreen.storyboard; sourceTree = "<group>"; };
		736B293C1E452D7D00DF578A /* Info.plist */ = {isa = PBXFileReference; lastKnownFileType = text.plist.xml; path = Info.plist; sourceTree = "<group>"; };
/* End PBXFileReference section */

/* Begin PBXFrameworksBuildPhase section */
		736B292A1E452D7D00DF578A /* Frameworks */ = {
			isa = PBXFrameworksBuildPhase;
			buildActionMask = 2147483647;
			files = (
			);
			runOnlyForDeploymentPostprocessing = 0;
		};
/* End PBXFrameworksBuildPhase section */

/* Begin PBXGroup section */
		736B29241E452D7C00DF578A = {
			isa = PBXGroup;
			children = (
				736B292F1E452D7D00DF578A /* Test 1.2 */,
				736B292E1E452D7D00DF578A /* Products */,
			);
			sourceTree = "<group>";
		};
		736B292E1E452D7D00DF578A /* Products */ = {
			isa = PBXGroup;
			children = (
				736B292D1E452D7D00DF578A /* Test 1.2.app */,
			);
			name = Products;
			sourceTree = "<group>";
		};
		736B292F1E452D7D00DF578A /* Test 1.2 */ = {
			isa = PBXGroup;
			children = (
				736B29301E452D7D00DF578A /* AppDelegate.swift */,
				736B29321E452D7D00DF578A /* ViewController.swift */,
				736B29341E452D7D00DF578A /* Main.storyboard */,
				736B29371E452D7D00DF578A /* Assets.xcassets */,
				736B29391E452D7D00DF578A /* LaunchScreen.storyboard */,
				736B293C1E452D7D00DF578A /* Info.plist */,
			);
			path = "Test 1.2";
			sourceTree = "<group>";
		};
/* End PBXGroup section */

/* Begin PBXNativeTarget section */
		736B292C1E452D7D00DF578A /* Test 1.2 */ = {
			isa = PBXNativeTarget;
			buildConfigurationList = 736B293F1E452D7D00DF578A /* Build configuration list for PBXNativeTarget "Test 1.2" */;
			buildPhases = (
				736B29291E452D7D00DF578A /* Sources */,
				736B292A1E452D7D00DF578A /* Frameworks */,
				736B292B1E452D7D00DF578A /* Resources */,
			);
			buildRules = (
			);
			dependencies = (
			);
			name = "Test 1.2";
			productName = "Test 1.2";
			productReference = 736B292D1E452D7D00DF578A /* Test 1.2.app */;
			productType = "com.apple.product-type.application";
		};
/* End PBXNativeTarget section */

/* Begin PBXProject section */
		736B29251E452D7C00DF578A /* Project object */ = {
			isa = PBXProject;
			attributes = {
				LastSwiftUpdateCheck = 0810;
				LastUpgradeCheck = 0810;
				ORGANIZATIONNAME = "Josh McDonald";
				TargetAttributes = {
					736B292C1E452D7D00DF578A = {
						CreatedOnToolsVersion = 8.1;
						ProvisioningStyle = Automatic;
					};
				};
			};
			buildConfigurationList = 736B29281E452D7C00DF578A /* Build configuration list for PBXProject "Test 1.2" */;
			compatibilityVersion = "Xcode 3.2";
			developmentRegion = English;
			hasScannedForEncodings = 0;
			knownRegions = (
				en,
				Base,
			);
			mainGroup = 736B29241E452D7C00DF578A;
			productRefGroup = 736B292E1E452D7D00DF578A /* Products */;
			projectDirPath = "";
			projectRoot = "";
			targets = (
				736B292C1E452D7D00DF578A /* Test 1.2 */,
			);
		};
/* End PBXProject section */

/* Begin PBXResourcesBuildPhase section */
		736B292B1E452D7D00DF578A /* Resources */ = {
			isa = PBXResourcesBuildPhase;
			buildActionMask = 2147483647;
			files = (
				736B293B1E452D7D00DF578A /* LaunchScreen.storyboard in Resources */,
				736B29381E452D7D00DF578A /* Assets.xcassets in Resources */,
				736B29361E452D7D00DF578A /* Main.storyboard in Resources */,
			);
			runOnlyForDeploymentPostprocessing = 0;
		};
/* End PBXResourcesBuildPhase section */

/* Begin PBXSourcesBuildPhase section */
		736B29291E452D7D00DF578A /* Sources */ = {
			isa = PBXSourcesBuildPhase;
			buildActionMask = 2147483647;
			files = (
				736B29331E452D7D00DF578A /* ViewController.swift in Sources */,
				736B29311E452D7D00DF578A /* AppDelegate.swift in Sources */,
			);
			runOnlyForDeploymentPostprocessing = 0;
		};
/* End PBXSourcesBuildPhase section */

/* Begin PBXVariantGroup section */
		736B29341E452D7D00DF578A /* Main.storyboard */ = {
			isa = PBXVariantGroup;
			children = (
				736B29351E452D7D00DF578A /* Base */,
			);
			name = Main.storyboard;
			sourceTree = "<group>";
		};
		736B29391E452D7D00DF578A /* LaunchScreen.storyboard */ = {
			isa = PBXVariantGroup;
			children = (
				736B293A1E452D7D00DF578A /* Base */,
			);
			name = LaunchScreen.storyboard;
			sourceTree = "<group>";
		};
/* End PBXVariantGroup section */

/* Begin XCBuildConfiguration section */
		736B293D1E452D7D00DF578A /* Debug */ = {
			isa = XCBuildConfiguration;
			buildSettings = {
				ALWAYS_SEARCH_USER_PATHS = NO;
				CLANG_ANALYZER_NONNULL = YES;
				CLANG_CXX_LANGUAGE_STANDARD = "gnu++0x";
				CLANG_CXX_LIBRARY = "libc++";
				CLANG_ENABLE_MODULES = YES;
				CLANG_ENABLE_OBJC_ARC = YES;
				CLANG_WARN_BOOL_CONVERSION = YES;
				CLANG_WARN_CONSTANT_CONVERSION = YES;
				CLANG_WARN_DIRECT_OBJC_ISA_USAGE = YES_ERROR;
				CLANG_WARN_DOCUMENTATION_COMMENTS = YES;
				CLANG_WARN_EMPTY_BODY = YES;
				CLANG_WARN_ENUM_CONVERSION = YES;
				CLANG_WARN_INFINITE_RECURSION = YES;
				CLANG_WARN_INT_CONVERSION = YES;
				CLANG_WARN_OBJC_ROOT_CLASS = YES_ERROR;
				CLANG_WARN_SUSPICIOUS_MOVES = YES;
				CLANG_WARN_UNREACHABLE_CODE = YES;
				CLANG_WARN__DUPLICATE_METHOD_MATCH = YES;
				"CODE_SIGN_IDENTITY[sdk=iphoneos*]" = "iPhone Developer";
				COPY_PHASE_STRIP = NO;
				DEBUG_INFORMATION_FORMAT = dwarf;
				ENABLE_STRICT_OBJC_MSGSEND = YES;
				ENABLE_TESTABILITY = YES;
				GCC_C_LANGUAGE_STANDARD = gnu99;
				GCC_DYNAMIC_NO_PIC = NO;
				GCC_NO_COMMON_BLOCKS = YES;
				GCC_OPTIMIZATION_LEVEL = 0;
				GCC_PREPROCESSOR_DEFINITIONS = (
					"DEBUG=1",
					"$(inherited)",
				);
				GCC_WARN_64_TO_32_BIT_CONVERSION = YES;
				GCC_WARN_ABOUT_RETURN_TYPE = YES_ERROR;
				GCC_WARN_UNDECLARED_SELECTOR = YES;
				GCC_WARN_UNINITIALIZED_AUTOS = YES_AGGRESSIVE;
				GCC_WARN_UNUSED_FUNCTION = YES;
				GCC_WARN_UNUSED_VARIABLE = YES;
				IPHONEOS_DEPLOYMENT_TARGET = 10.1;
				MTL_ENABLE_DEBUG_INFO = YES;
				ONLY_ACTIVE_ARCH = YES;
				SDKROOT = iphoneos;
				SWIFT_ACTIVE_COMPILATION_CONDITIONS = DEBUG;
				SWIFT_OPTIMIZATION_LEVEL = "-Onone";
				TARGETED_DEVICE_FAMILY = "1,2";
			};
			name = Debug;
		};
		736B293E1E452D7D00DF578A /* Release */ = {
			isa = XCBuildConfiguration;
			buildSettings = {
				ALWAYS_SEARCH_USER_PATHS = NO;
				CLANG_ANALYZER_NONNULL = YES;
				CLANG_CXX_LANGUAGE_STANDARD = "gnu++0x";
				CLANG_CXX_LIBRARY = "libc++";
				CLANG_ENABLE_MODULES = YES;
				CLANG_ENABLE_OBJC_ARC = YES;
				CLANG_WARN_BOOL_CONVERSION = YES;
				CLANG_WARN_CONSTANT_CONVERSION = YES;
				CLANG_WARN_DIRECT_OBJC_ISA_USAGE = YES_ERROR;
				CLANG_WARN_DOCUMENTATION_COMMENTS = YES;
				CLANG_WARN_EMPTY_BODY = YES;
				CLANG_WARN_ENUM_CONVERSION = YES;
				CLANG_WARN_INFINITE_RECURSION = YES;
				CLANG_WARN_INT_CONVERSION = YES;
				CLANG_WARN_OBJC_ROOT_CLASS = YES_ERROR;
				CLANG_WARN_SUSPICIOUS_MOVES = YES;
				CLANG_WARN_UNREACHABLE_CODE = YES;
				CLANG_WARN__DUPLICATE_METHOD_MATCH = YES;
				"CODE_SIGN_IDENTITY[sdk=iphoneos*]" = "iPhone Developer";
				COPY_PHASE_STRIP = NO;
				DEBUG_INFORMATION_FORMAT = "dwarf-with-dsym";
				ENABLE_NS_ASSERTIONS = NO;
				ENABLE_STRICT_OBJC_MSGSEND = YES;
				GCC_C_LANGUAGE_STANDARD = gnu99;
				GCC_NO_COMMON_BLOCKS = YES;
				GCC_WARN_64_TO_32_BIT_CONVERSION = YES;
				GCC_WARN_ABOUT_RETURN_TYPE = YES_ERROR;
				GCC_WARN_UNDECLARED_SELECTOR = YES;
				GCC_WARN_UNINITIALIZED_AUTOS = YES_AGGRESSIVE;
				GCC_WARN_UNUSED_FUNCTION = YES;
				GCC_WARN_UNUSED_VARIABLE = YES;
				IPHONEOS_DEPLOYMENT_TARGET = 10.1;
				MTL_ENABLE_DEBUG_INFO = NO;
				SDKROOT = iphoneos;
				SWIFT_OPTIMIZATION_LEVEL = "-Owholemodule";
				TARGETED_DEVICE_FAMILY = "1,2";
				VALIDATE_PRODUCT = YES;
			};
			name = Release;
		};
		736B29401E452D7D00DF578A /* Debug */ = {
			isa = XCBuildConfiguration;
			buildSettings = {
				ASSETCATALOG_COMPILER_APPICON_NAME = AppIcon;
				INFOPLIST_FILE = "Test 1.2/Info.plist";
				LD_RUNPATH_SEARCH_PATHS = "$(inherited) @executable_path/Frameworks";
				PRODUCT_BUNDLE_IDENTIFIER = "com.example.Test-1-2";
				PRODUCT_NAME = "$(TARGET_NAME)";
				SWIFT_VERSION = 3.0;
			};
			name = Debug;
		};
		736B29411E452D7D00DF578A /* Release */ = {
			isa = XCBuildConfiguration;
			buildSettings = {
				ASSETCATALOG_COMPILER_APPICON_NAME = AppIcon;
				INFOPLIST_FILE = "Test 1.2/Info.plist";
				LD_RUNPATH_SEARCH_PATHS = "$(inherited) @executable_path/Frameworks";
				PRODUCT_BUNDLE_IDENTIFIER = "com.example.Test-1-2";
				PRODUCT_NAME = "$(TARGET_NAME)";
				SWIFT_VERSION = 3.0;
			};
			name = Release;
		};
/* End XCBuildConfiguration section */

/* Begin XCConfigurationList section */
		736B29281E452D7C00DF578A /* Build configuration list for PBXProject "Test 1.2" */ = {
			isa = XCConfigurationList;
			buildConfigurations = (
				736B293D1E452D7D00DF578A /* Debug */,
				736B293E1E452D7D00DF578A /* Release */,
			);
			defaultConfigurationIsVisible = 0;
			defaultConfigurationName = Release;
		};
		736B293F1E452D7D00DF578A /* Build configuration list for PBXNativeTarget "Test 1.2" */ = {
			isa = XCConfigurationList;
			buildConfigurations = (
				736B29401E452D7D00DF578A /* Debug */,
				736B29411E452D7D00DF578A /* Release */,
			);
			defaultConfigurationIsVisible = 0;
		};
/* End XCConfigurationList section */
	};
	rootObject = 736B29251E452D7C00DF578A /* Project object */;
}
