// !$*UTF8*$!
{
	archiveVersion = 1;
	classes = {
	};
	objectVersion = 46;
	objects = {

/* Begin PBXBuildFile section */
		736332941E440F580055BB8B /* AppDelegate.swift in Sources */ = {isa = PBXBuildFile; fileRef = 736332931E440F580055BB8B /* AppDelegate.swift */; };
		736332991E440F580055BB8B /* Main.storyboard in Resources */ = {isa = PBXBuildFile; fileRef = 736332971E440F580055BB8B /* Main.storyboard */; };
		7363329B1E440F580055BB8B /* Assets.xcassets in Resources */ = {isa = PBXBuildFile; fileRef = 7363329A1E440F580055BB8B /* Assets.xcassets */; };
		7363329E1E440F580055BB8B /* LaunchScreen.storyboard in Resources */ = {isa = PBXBuildFile; fileRef = 7363329C1E440F580055BB8B /* LaunchScreen.storyboard */; };
		736332A71E440FFF0055BB8B /* Just Notes- .swift in Sources */ = {isa = PBXBuildFile; fileRef = 736332A61E440FFF0055BB8B /* Just Notes- .swift */; };
		736332A91E4414AB0055BB8B /* Place.swift in Sources */ = {isa = PBXBuildFile; fileRef = 736332A81E4414AB0055BB8B /* Place.swift */; };
		736332AB1E441B8F0055BB8B /* PlaceController .swift in Sources */ = {isa = PBXBuildFile; fileRef = 736332AA1E441B8F0055BB8B /* PlaceController .swift */; };
		736332AD1E442E250055BB8B /* PlacesListTableViewController.swift in Sources */ = {isa = PBXBuildFile; fileRef = 736332AC1E442E240055BB8B /* PlacesListTableViewController.swift */; };
		736332B31E4432FF0055BB8B /* PlacesDetailViewController.swift in Sources */ = {isa = PBXBuildFile; fileRef = 736332B21E4432FF0055BB8B /* PlacesDetailViewController.swift */; };
/* End PBXBuildFile section */

/* Begin PBXFileReference section */
		736332901E440F580055BB8B /* MyPlaces.app */ = {isa = PBXFileReference; explicitFileType = wrapper.application; includeInIndex = 0; path = MyPlaces.app; sourceTree = BUILT_PRODUCTS_DIR; };
		736332931E440F580055BB8B /* AppDelegate.swift */ = {isa = PBXFileReference; lastKnownFileType = sourcecode.swift; path = AppDelegate.swift; sourceTree = "<group>"; };
		736332981E440F580055BB8B /* Base */ = {isa = PBXFileReference; lastKnownFileType = file.storyboard; name = Base; path = Base.lproj/Main.storyboard; sourceTree = "<group>"; };
		7363329A1E440F580055BB8B /* Assets.xcassets */ = {isa = PBXFileReference; lastKnownFileType = folder.assetcatalog; path = Assets.xcassets; sourceTree = "<group>"; };
		7363329D1E440F580055BB8B /* Base */ = {isa = PBXFileReference; lastKnownFileType = file.storyboard; name = Base; path = Base.lproj/LaunchScreen.storyboard; sourceTree = "<group>"; };
		7363329F1E440F580055BB8B /* Info.plist */ = {isa = PBXFileReference; lastKnownFileType = text.plist.xml; path = Info.plist; sourceTree = "<group>"; };
		736332A61E440FFF0055BB8B /* Just Notes- .swift */ = {isa = PBXFileReference; fileEncoding = 4; lastKnownFileType = sourcecode.swift; path = "Just Notes- .swift"; sourceTree = "<group>"; };
		736332A81E4414AB0055BB8B /* Place.swift */ = {isa = PBXFileReference; fileEncoding = 4; lastKnownFileType = sourcecode.swift; path = Place.swift; sourceTree = "<group>"; };
		736332AA1E441B8F0055BB8B /* PlaceController .swift */ = {isa = PBXFileReference; fileEncoding = 4; lastKnownFileType = sourcecode.swift; path = "PlaceController .swift"; sourceTree = "<group>"; };
		736332AC1E442E240055BB8B /* PlacesListTableViewController.swift */ = {isa = PBXFileReference; fileEncoding = 4; lastKnownFileType = sourcecode.swift; path = PlacesListTableViewController.swift; sourceTree = "<group>"; };
		736332B21E4432FF0055BB8B /* PlacesDetailViewController.swift */ = {isa = PBXFileReference; fileEncoding = 4; lastKnownFileType = sourcecode.swift; path = PlacesDetailViewController.swift; sourceTree = "<group>"; };
/* End PBXFileReference section */

/* Begin PBXFrameworksBuildPhase section */
		7363328D1E440F580055BB8B /* Frameworks */ = {
			isa = PBXFrameworksBuildPhase;
			buildActionMask = 2147483647;
			files = (
			);
			runOnlyForDeploymentPostprocessing = 0;
		};
/* End PBXFrameworksBuildPhase section */

/* Begin PBXGroup section */
		736332871E440F580055BB8B = {
			isa = PBXGroup;
			children = (
				736332A61E440FFF0055BB8B /* Just Notes- .swift */,
				736332971E440F580055BB8B /* Main.storyboard */,
				736332A81E4414AB0055BB8B /* Place.swift */,
				736332AA1E441B8F0055BB8B /* PlaceController .swift */,
				736332AC1E442E240055BB8B /* PlacesListTableViewController.swift */,
				736332B21E4432FF0055BB8B /* PlacesDetailViewController.swift */,
				736332921E440F580055BB8B /* MyPlaces */,
				736332911E440F580055BB8B /* Products */,
				736332A51E440F6D0055BB8B /* Stuff */,
			);
			sourceTree = "<group>";
		};
		736332911E440F580055BB8B /* Products */ = {
			isa = PBXGroup;
			children = (
				736332901E440F580055BB8B /* MyPlaces.app */,
			);
			name = Products;
			sourceTree = "<group>";
		};
		736332921E440F580055BB8B /* MyPlaces */ = {
			isa = PBXGroup;
			children = (
			);
			path = MyPlaces;
			sourceTree = "<group>";
		};
		736332A51E440F6D0055BB8B /* Stuff */ = {
			isa = PBXGroup;
			children = (
				736332931E440F580055BB8B /* AppDelegate.swift */,
				7363329A1E440F580055BB8B /* Assets.xcassets */,
				7363329C1E440F580055BB8B /* LaunchScreen.storyboard */,
				7363329F1E440F580055BB8B /* Info.plist */,
			);
			name = Stuff;
			path = MyPlaces;
			sourceTree = "<group>";
		};
/* End PBXGroup section */

/* Begin PBXNativeTarget section */
		7363328F1E440F580055BB8B /* MyPlaces */ = {
			isa = PBXNativeTarget;
			buildConfigurationList = 736332A21E440F580055BB8B /* Build configuration list for PBXNativeTarget "MyPlaces" */;
			buildPhases = (
				7363328C1E440F580055BB8B /* Sources */,
				7363328D1E440F580055BB8B /* Frameworks */,
				7363328E1E440F580055BB8B /* Resources */,
			);
			buildRules = (
			);
			dependencies = (
			);
			name = MyPlaces;
			productName = MyPlaces;
			productReference = 736332901E440F580055BB8B /* MyPlaces.app */;
			productType = "com.apple.product-type.application";
		};
/* End PBXNativeTarget section */

/* Begin PBXProject section */
		736332881E440F580055BB8B /* Project object */ = {
			isa = PBXProject;
			attributes = {
				LastSwiftUpdateCheck = 0810;
				LastUpgradeCheck = 0810;
				ORGANIZATIONNAME = "Josh McDonald";
				TargetAttributes = {
					7363328F1E440F580055BB8B = {
						CreatedOnToolsVersion = 8.1;
						ProvisioningStyle = Automatic;
					};
				};
			};
			buildConfigurationList = 7363328B1E440F580055BB8B /* Build configuration list for PBXProject "MyPlaces" */;
			compatibilityVersion = "Xcode 3.2";
			developmentRegion = English;
			hasScannedForEncodings = 0;
			knownRegions = (
				en,
				Base,
			);
			mainGroup = 736332871E440F580055BB8B;
			productRefGroup = 736332911E440F580055BB8B /* Products */;
			projectDirPath = "";
			projectRoot = "";
			targets = (
				7363328F1E440F580055BB8B /* MyPlaces */,
			);
		};
/* End PBXProject section */

/* Begin PBXResourcesBuildPhase section */
		7363328E1E440F580055BB8B /* Resources */ = {
			isa = PBXResourcesBuildPhase;
			buildActionMask = 2147483647;
			files = (
				7363329E1E440F580055BB8B /* LaunchScreen.storyboard in Resources */,
				7363329B1E440F580055BB8B /* Assets.xcassets in Resources */,
				736332991E440F580055BB8B /* Main.storyboard in Resources */,
			);
			runOnlyForDeploymentPostprocessing = 0;
		};
/* End PBXResourcesBuildPhase section */

/* Begin PBXSourcesBuildPhase section */
		7363328C1E440F580055BB8B /* Sources */ = {
			isa = PBXSourcesBuildPhase;
			buildActionMask = 2147483647;
			files = (
				736332B31E4432FF0055BB8B /* PlacesDetailViewController.swift in Sources */,
				736332A91E4414AB0055BB8B /* Place.swift in Sources */,
				736332AD1E442E250055BB8B /* PlacesListTableViewController.swift in Sources */,
				736332941E440F580055BB8B /* AppDelegate.swift in Sources */,
				736332AB1E441B8F0055BB8B /* PlaceController .swift in Sources */,
				736332A71E440FFF0055BB8B /* Just Notes- .swift in Sources */,
			);
			runOnlyForDeploymentPostprocessing = 0;
		};
/* End PBXSourcesBuildPhase section */

/* Begin PBXVariantGroup section */
		736332971E440F580055BB8B /* Main.storyboard */ = {
			isa = PBXVariantGroup;
			children = (
				736332981E440F580055BB8B /* Base */,
			);
			name = Main.storyboard;
			path = MyPlaces;
			sourceTree = "<group>";
		};
		7363329C1E440F580055BB8B /* LaunchScreen.storyboard */ = {
			isa = PBXVariantGroup;
			children = (
				7363329D1E440F580055BB8B /* Base */,
			);
			name = LaunchScreen.storyboard;
			sourceTree = "<group>";
		};
/* End PBXVariantGroup section */

/* Begin XCBuildConfiguration section */
		736332A01E440F580055BB8B /* Debug */ = {
			isa = XCBuildConfiguration;
			buildSettings = {
				ALWAYS_SEARCH_USER_PATHS = NO;
				CLANG_ANALYZER_NONNULL = YES;
				CLANG_CXX_LANGUAGE_STANDARD = "gnu++0x";
				CLANG_CXX_LIBRARY = "libc++";
				CLANG_ENABLE_MODULES = YES;
				CLANG_ENABLE_OBJC_ARC = YES;
				CLANG_WARN_BOOL_CONVERSION = YES;
				CLANG_WARN_CONSTANT_CONVERSION = YES;
				CLANG_WARN_DIRECT_OBJC_ISA_USAGE = YES_ERROR;
				CLANG_WARN_DOCUMENTATION_COMMENTS = YES;
				CLANG_WARN_EMPTY_BODY = YES;
				CLANG_WARN_ENUM_CONVERSION = YES;
				CLANG_WARN_INFINITE_RECURSION = YES;
				CLANG_WARN_INT_CONVERSION = YES;
				CLANG_WARN_OBJC_ROOT_CLASS = YES_ERROR;
				CLANG_WARN_SUSPICIOUS_MOVES = YES;
				CLANG_WARN_UNREACHABLE_CODE = YES;
				CLANG_WARN__DUPLICATE_METHOD_MATCH = YES;
				"CODE_SIGN_IDENTITY[sdk=iphoneos*]" = "iPhone Developer";
				COPY_PHASE_STRIP = NO;
				DEBUG_INFORMATION_FORMAT = dwarf;
				ENABLE_STRICT_OBJC_MSGSEND = YES;
				ENABLE_TESTABILITY = YES;
				GCC_C_LANGUAGE_STANDARD = gnu99;
				GCC_DYNAMIC_NO_PIC = NO;
				GCC_NO_COMMON_BLOCKS = YES;
				GCC_OPTIMIZATION_LEVEL = 0;
				GCC_PREPROCESSOR_DEFINITIONS = (
					"DEBUG=1",
					"$(inherited)",
				);
				GCC_WARN_64_TO_32_BIT_CONVERSION = YES;
				GCC_WARN_ABOUT_RETURN_TYPE = YES_ERROR;
				GCC_WARN_UNDECLARED_SELECTOR = YES;
				GCC_WARN_UNINITIALIZED_AUTOS = YES_AGGRESSIVE;
				GCC_WARN_UNUSED_FUNCTION = YES;
				GCC_WARN_UNUSED_VARIABLE = YES;
				IPHONEOS_DEPLOYMENT_TARGET = 10.1;
				MTL_ENABLE_DEBUG_INFO = YES;
				ONLY_ACTIVE_ARCH = YES;
				SDKROOT = iphoneos;
				SWIFT_ACTIVE_COMPILATION_CONDITIONS = DEBUG;
				SWIFT_OPTIMIZATION_LEVEL = "-Onone";
				TARGETED_DEVICE_FAMILY = "1,2";
			};
			name = Debug;
		};
		736332A11E440F580055BB8B /* Release */ = {
			isa = XCBuildConfiguration;
			buildSettings = {
				ALWAYS_SEARCH_USER_PATHS = NO;
				CLANG_ANALYZER_NONNULL = YES;
				CLANG_CXX_LANGUAGE_STANDARD = "gnu++0x";
				CLANG_CXX_LIBRARY = "libc++";
				CLANG_ENABLE_MODULES = YES;
				CLANG_ENABLE_OBJC_ARC = YES;
				CLANG_WARN_BOOL_CONVERSION = YES;
				CLANG_WARN_CONSTANT_CONVERSION = YES;
				CLANG_WARN_DIRECT_OBJC_ISA_USAGE = YES_ERROR;
				CLANG_WARN_DOCUMENTATION_COMMENTS = YES;
				CLANG_WARN_EMPTY_BODY = YES;
				CLANG_WARN_ENUM_CONVERSION = YES;
				CLANG_WARN_INFINITE_RECURSION = YES;
				CLANG_WARN_INT_CONVERSION = YES;
				CLANG_WARN_OBJC_ROOT_CLASS = YES_ERROR;
				CLANG_WARN_SUSPICIOUS_MOVES = YES;
				CLANG_WARN_UNREACHABLE_CODE = YES;
				CLANG_WARN__DUPLICATE_METHOD_MATCH = YES;
				"CODE_SIGN_IDENTITY[sdk=iphoneos*]" = "iPhone Developer";
				COPY_PHASE_STRIP = NO;
				DEBUG_INFORMATION_FORMAT = "dwarf-with-dsym";
				ENABLE_NS_ASSERTIONS = NO;
				ENABLE_STRICT_OBJC_MSGSEND = YES;
				GCC_C_LANGUAGE_STANDARD = gnu99;
				GCC_NO_COMMON_BLOCKS = YES;
				GCC_WARN_64_TO_32_BIT_CONVERSION = YES;
				GCC_WARN_ABOUT_RETURN_TYPE = YES_ERROR;
				GCC_WARN_UNDECLARED_SELECTOR = YES;
				GCC_WARN_UNINITIALIZED_AUTOS = YES_AGGRESSIVE;
				GCC_WARN_UNUSED_FUNCTION = YES;
				GCC_WARN_UNUSED_VARIABLE = YES;
				IPHONEOS_DEPLOYMENT_TARGET = 10.1;
				MTL_ENABLE_DEBUG_INFO = NO;
				SDKROOT = iphoneos;
				SWIFT_OPTIMIZATION_LEVEL = "-Owholemodule";
				TARGETED_DEVICE_FAMILY = "1,2";
				VALIDATE_PRODUCT = YES;
			};
			name = Release;
		};
		736332A31E440F580055BB8B /* Debug */ = {
			isa = XCBuildConfiguration;
			buildSettings = {
				ASSETCATALOG_COMPILER_APPICON_NAME = AppIcon;
				INFOPLIST_FILE = MyPlaces/Info.plist;
				LD_RUNPATH_SEARCH_PATHS = "$(inherited) @executable_path/Frameworks";
				PRODUCT_BUNDLE_IDENTIFIER = com.example.MyPlaces;
				PRODUCT_NAME = "$(TARGET_NAME)";
				SWIFT_VERSION = 3.0;
			};
			name = Debug;
		};
		736332A41E440F580055BB8B /* Release */ = {
			isa = XCBuildConfiguration;
			buildSettings = {
				ASSETCATALOG_COMPILER_APPICON_NAME = AppIcon;
				INFOPLIST_FILE = MyPlaces/Info.plist;
				LD_RUNPATH_SEARCH_PATHS = "$(inherited) @executable_path/Frameworks";
				PRODUCT_BUNDLE_IDENTIFIER = com.example.MyPlaces;
				PRODUCT_NAME = "$(TARGET_NAME)";
				SWIFT_VERSION = 3.0;
			};
			name = Release;
		};
/* End XCBuildConfiguration section */

/* Begin XCConfigurationList section */
		7363328B1E440F580055BB8B /* Build configuration list for PBXProject "MyPlaces" */ = {
			isa = XCConfigurationList;
			buildConfigurations = (
				736332A01E440F580055BB8B /* Debug */,
				736332A11E440F580055BB8B /* Release */,
			);
			defaultConfigurationIsVisible = 0;
			defaultConfigurationName = Release;
		};
		736332A21E440F580055BB8B /* Build configuration list for PBXNativeTarget "MyPlaces" */ = {
			isa = XCConfigurationList;
			buildConfigurations = (
				736332A31E440F580055BB8B /* Debug */,
				736332A41E440F580055BB8B /* Release */,
			);
			defaultConfigurationIsVisible = 0;
			defaultConfigurationName = Release;
		};
/* End XCConfigurationList section */
	};
	rootObject = 736332881E440F580055BB8B /* Project object */;
}
