// !$*UTF8*$!
{
	archiveVersion = 1;
	classes = {
	};
	objectVersion = 46;
	objects = {

/* Begin PBXBuildFile section */
		7340EED41E40C77000E2584E /* AppDelegate.swift in Sources */ = {isa = PBXBuildFile; fileRef = 7340EED31E40C77000E2584E /* AppDelegate.swift */; };
		7340EED91E40C77000E2584E /* Main.storyboard in Resources */ = {isa = PBXBuildFile; fileRef = 7340EED71E40C77000E2584E /* Main.storyboard */; };
		7340EEDB1E40C77000E2584E /* Assets.xcassets in Resources */ = {isa = PBXBuildFile; fileRef = 7340EEDA1E40C77000E2584E /* Assets.xcassets */; };
		7340EEDE1E40C77000E2584E /* LaunchScreen.storyboard in Resources */ = {isa = PBXBuildFile; fileRef = 7340EEDC1E40C77000E2584E /* LaunchScreen.storyboard */; };
		7340EEE61E40C85300E2584E /* StudentsTableViewController.swift in Sources */ = {isa = PBXBuildFile; fileRef = 7340EEE51E40C85300E2584E /* StudentsTableViewController.swift */; };
		7340EEE81E40C8AD00E2584E /* Students.swift in Sources */ = {isa = PBXBuildFile; fileRef = 7340EEE71E40C8AD00E2584E /* Students.swift */; };
/* End PBXBuildFile section */

/* Begin PBXFileReference section */
		7340EED01E40C77000E2584E /* TableViewPlay.app */ = {isa = PBXFileReference; explicitFileType = wrapper.application; includeInIndex = 0; path = TableViewPlay.app; sourceTree = BUILT_PRODUCTS_DIR; };
		7340EED31E40C77000E2584E /* AppDelegate.swift */ = {isa = PBXFileReference; lastKnownFileType = sourcecode.swift; path = AppDelegate.swift; sourceTree = "<group>"; };
		7340EED81E40C77000E2584E /* Base */ = {isa = PBXFileReference; lastKnownFileType = file.storyboard; name = Base; path = Base.lproj/Main.storyboard; sourceTree = "<group>"; };
		7340EEDA1E40C77000E2584E /* Assets.xcassets */ = {isa = PBXFileReference; lastKnownFileType = folder.assetcatalog; path = Assets.xcassets; sourceTree = "<group>"; };
		7340EEDD1E40C77000E2584E /* Base */ = {isa = PBXFileReference; lastKnownFileType = file.storyboard; name = Base; path = Base.lproj/LaunchScreen.storyboard; sourceTree = "<group>"; };
		7340EEDF1E40C77000E2584E /* Info.plist */ = {isa = PBXFileReference; lastKnownFileType = text.plist.xml; path = Info.plist; sourceTree = "<group>"; };
		7340EEE51E40C85300E2584E /* StudentsTableViewController.swift */ = {isa = PBXFileReference; fileEncoding = 4; lastKnownFileType = sourcecode.swift; path = StudentsTableViewController.swift; sourceTree = "<group>"; };
		7340EEE71E40C8AD00E2584E /* Students.swift */ = {isa = PBXFileReference; fileEncoding = 4; lastKnownFileType = sourcecode.swift; path = Students.swift; sourceTree = "<group>"; };
/* End PBXFileReference section */

/* Begin PBXFrameworksBuildPhase section */
		7340EECD1E40C77000E2584E /* Frameworks */ = {
			isa = PBXFrameworksBuildPhase;
			buildActionMask = 2147483647;
			files = (
			);
			runOnlyForDeploymentPostprocessing = 0;
		};
/* End PBXFrameworksBuildPhase section */

/* Begin PBXGroup section */
		7340EEC71E40C77000E2584E = {
			isa = PBXGroup;
			children = (
				7340EED21E40C77000E2584E /* TableViewPlay */,
				7340EED11E40C77000E2584E /* Products */,
			);
			sourceTree = "<group>";
		};
		7340EED11E40C77000E2584E /* Products */ = {
			isa = PBXGroup;
			children = (
				7340EED01E40C77000E2584E /* TableViewPlay.app */,
			);
			name = Products;
			sourceTree = "<group>";
		};
		7340EED21E40C77000E2584E /* TableViewPlay */ = {
			isa = PBXGroup;
			children = (
				7340EED31E40C77000E2584E /* AppDelegate.swift */,
				7340EED71E40C77000E2584E /* Main.storyboard */,
				7340EEE51E40C85300E2584E /* StudentsTableViewController.swift */,
				7340EEE71E40C8AD00E2584E /* Students.swift */,
				7340EEDA1E40C77000E2584E /* Assets.xcassets */,
				7340EEDC1E40C77000E2584E /* LaunchScreen.storyboard */,
				7340EEDF1E40C77000E2584E /* Info.plist */,
			);
			path = TableViewPlay;
			sourceTree = "<group>";
		};
/* End PBXGroup section */

/* Begin PBXNativeTarget section */
		7340EECF1E40C77000E2584E /* TableViewPlay */ = {
			isa = PBXNativeTarget;
			buildConfigurationList = 7340EEE21E40C77000E2584E /* Build configuration list for PBXNativeTarget "TableViewPlay" */;
			buildPhases = (
				7340EECC1E40C77000E2584E /* Sources */,
				7340EECD1E40C77000E2584E /* Frameworks */,
				7340EECE1E40C77000E2584E /* Resources */,
			);
			buildRules = (
			);
			dependencies = (
			);
			name = TableViewPlay;
			productName = TableViewPlay;
			productReference = 7340EED01E40C77000E2584E /* TableViewPlay.app */;
			productType = "com.apple.product-type.application";
		};
/* End PBXNativeTarget section */

/* Begin PBXProject section */
		7340EEC81E40C77000E2584E /* Project object */ = {
			isa = PBXProject;
			attributes = {
				LastSwiftUpdateCheck = 0810;
				LastUpgradeCheck = 0810;
				ORGANIZATIONNAME = "Josh McDonald";
				TargetAttributes = {
					7340EECF1E40C77000E2584E = {
						CreatedOnToolsVersion = 8.1;
						ProvisioningStyle = Automatic;
					};
				};
			};
			buildConfigurationList = 7340EECB1E40C77000E2584E /* Build configuration list for PBXProject "TableViewPlay" */;
			compatibilityVersion = "Xcode 3.2";
			developmentRegion = English;
			hasScannedForEncodings = 0;
			knownRegions = (
				en,
				Base,
			);
			mainGroup = 7340EEC71E40C77000E2584E;
			productRefGroup = 7340EED11E40C77000E2584E /* Products */;
			projectDirPath = "";
			projectRoot = "";
			targets = (
				7340EECF1E40C77000E2584E /* TableViewPlay */,
			);
		};
/* End PBXProject section */

/* Begin PBXResourcesBuildPhase section */
		7340EECE1E40C77000E2584E /* Resources */ = {
			isa = PBXResourcesBuildPhase;
			buildActionMask = 2147483647;
			files = (
				7340EEDE1E40C77000E2584E /* LaunchScreen.storyboard in Resources */,
				7340EEDB1E40C77000E2584E /* Assets.xcassets in Resources */,
				7340EED91E40C77000E2584E /* Main.storyboard in Resources */,
			);
			runOnlyForDeploymentPostprocessing = 0;
		};
/* End PBXResourcesBuildPhase section */

/* Begin PBXSourcesBuildPhase section */
		7340EECC1E40C77000E2584E /* Sources */ = {
			isa = PBXSourcesBuildPhase;
			buildActionMask = 2147483647;
			files = (
				7340EEE81E40C8AD00E2584E /* Students.swift in Sources */,
				7340EED41E40C77000E2584E /* AppDelegate.swift in Sources */,
				7340EEE61E40C85300E2584E /* StudentsTableViewController.swift in Sources */,
			);
			runOnlyForDeploymentPostprocessing = 0;
		};
/* End PBXSourcesBuildPhase section */

/* Begin PBXVariantGroup section */
		7340EED71E40C77000E2584E /* Main.storyboard */ = {
			isa = PBXVariantGroup;
			children = (
				7340EED81E40C77000E2584E /* Base */,
			);
			name = Main.storyboard;
			sourceTree = "<group>";
		};
		7340EEDC1E40C77000E2584E /* LaunchScreen.storyboard */ = {
			isa = PBXVariantGroup;
			children = (
				7340EEDD1E40C77000E2584E /* Base */,
			);
			name = LaunchScreen.storyboard;
			sourceTree = "<group>";
		};
/* End PBXVariantGroup section */

/* Begin XCBuildConfiguration section */
		7340EEE01E40C77000E2584E /* Debug */ = {
			isa = XCBuildConfiguration;
			buildSettings = {
				ALWAYS_SEARCH_USER_PATHS = NO;
				CLANG_ANALYZER_NONNULL = YES;
				CLANG_CXX_LANGUAGE_STANDARD = "gnu++0x";
				CLANG_CXX_LIBRARY = "libc++";
				CLANG_ENABLE_MODULES = YES;
				CLANG_ENABLE_OBJC_ARC = YES;
				CLANG_WARN_BOOL_CONVERSION = YES;
				CLANG_WARN_CONSTANT_CONVERSION = YES;
				CLANG_WARN_DIRECT_OBJC_ISA_USAGE = YES_ERROR;
				CLANG_WARN_DOCUMENTATION_COMMENTS = YES;
				CLANG_WARN_EMPTY_BODY = YES;
				CLANG_WARN_ENUM_CONVERSION = YES;
				CLANG_WARN_INFINITE_RECURSION = YES;
				CLANG_WARN_INT_CONVERSION = YES;
				CLANG_WARN_OBJC_ROOT_CLASS = YES_ERROR;
				CLANG_WARN_SUSPICIOUS_MOVES = YES;
				CLANG_WARN_UNREACHABLE_CODE = YES;
				CLANG_WARN__DUPLICATE_METHOD_MATCH = YES;
				"CODE_SIGN_IDENTITY[sdk=iphoneos*]" = "iPhone Developer";
				COPY_PHASE_STRIP = NO;
				DEBUG_INFORMATION_FORMAT = dwarf;
				ENABLE_STRICT_OBJC_MSGSEND = YES;
				ENABLE_TESTABILITY = YES;
				GCC_C_LANGUAGE_STANDARD = gnu99;
				GCC_DYNAMIC_NO_PIC = NO;
				GCC_NO_COMMON_BLOCKS = YES;
				GCC_OPTIMIZATION_LEVEL = 0;
				GCC_PREPROCESSOR_DEFINITIONS = (
					"DEBUG=1",
					"$(inherited)",
				);
				GCC_WARN_64_TO_32_BIT_CONVERSION = YES;
				GCC_WARN_ABOUT_RETURN_TYPE = YES_ERROR;
				GCC_WARN_UNDECLARED_SELECTOR = YES;
				GCC_WARN_UNINITIALIZED_AUTOS = YES_AGGRESSIVE;
				GCC_WARN_UNUSED_FUNCTION = YES;
				GCC_WARN_UNUSED_VARIABLE = YES;
				IPHONEOS_DEPLOYMENT_TARGET = 10.1;
				MTL_ENABLE_DEBUG_INFO = YES;
				ONLY_ACTIVE_ARCH = YES;
				SDKROOT = iphoneos;
				SWIFT_ACTIVE_COMPILATION_CONDITIONS = DEBUG;
				SWIFT_OPTIMIZATION_LEVEL = "-Onone";
				TARGETED_DEVICE_FAMILY = "1,2";
			};
			name = Debug;
		};
		7340EEE11E40C77000E2584E /* Release */ = {
			isa = XCBuildConfiguration;
			buildSettings = {
				ALWAYS_SEARCH_USER_PATHS = NO;
				CLANG_ANALYZER_NONNULL = YES;
				CLANG_CXX_LANGUAGE_STANDARD = "gnu++0x";
				CLANG_CXX_LIBRARY = "libc++";
				CLANG_ENABLE_MODULES = YES;
				CLANG_ENABLE_OBJC_ARC = YES;
				CLANG_WARN_BOOL_CONVERSION = YES;
				CLANG_WARN_CONSTANT_CONVERSION = YES;
				CLANG_WARN_DIRECT_OBJC_ISA_USAGE = YES_ERROR;
				CLANG_WARN_DOCUMENTATION_COMMENTS = YES;
				CLANG_WARN_EMPTY_BODY = YES;
				CLANG_WARN_ENUM_CONVERSION = YES;
				CLANG_WARN_INFINITE_RECURSION = YES;
				CLANG_WARN_INT_CONVERSION = YES;
				CLANG_WARN_OBJC_ROOT_CLASS = YES_ERROR;
				CLANG_WARN_SUSPICIOUS_MOVES = YES;
				CLANG_WARN_UNREACHABLE_CODE = YES;
				CLANG_WARN__DUPLICATE_METHOD_MATCH = YES;
				"CODE_SIGN_IDENTITY[sdk=iphoneos*]" = "iPhone Developer";
				COPY_PHASE_STRIP = NO;
				DEBUG_INFORMATION_FORMAT = "dwarf-with-dsym";
				ENABLE_NS_ASSERTIONS = NO;
				ENABLE_STRICT_OBJC_MSGSEND = YES;
				GCC_C_LANGUAGE_STANDARD = gnu99;
				GCC_NO_COMMON_BLOCKS = YES;
				GCC_WARN_64_TO_32_BIT_CONVERSION = YES;
				GCC_WARN_ABOUT_RETURN_TYPE = YES_ERROR;
				GCC_WARN_UNDECLARED_SELECTOR = YES;
				GCC_WARN_UNINITIALIZED_AUTOS = YES_AGGRESSIVE;
				GCC_WARN_UNUSED_FUNCTION = YES;
				GCC_WARN_UNUSED_VARIABLE = YES;
				IPHONEOS_DEPLOYMENT_TARGET = 10.1;
				MTL_ENABLE_DEBUG_INFO = NO;
				SDKROOT = iphoneos;
				SWIFT_OPTIMIZATION_LEVEL = "-Owholemodule";
				TARGETED_DEVICE_FAMILY = "1,2";
				VALIDATE_PRODUCT = YES;
			};
			name = Release;
		};
		7340EEE31E40C77000E2584E /* Debug */ = {
			isa = XCBuildConfiguration;
			buildSettings = {
				ASSETCATALOG_COMPILER_APPICON_NAME = AppIcon;
				INFOPLIST_FILE = TableViewPlay/Info.plist;
				LD_RUNPATH_SEARCH_PATHS = "$(inherited) @executable_path/Frameworks";
				PRODUCT_BUNDLE_IDENTIFIER = com.example.TableViewPlay;
				PRODUCT_NAME = "$(TARGET_NAME)";
				SWIFT_VERSION = 3.0;
			};
			name = Debug;
		};
		7340EEE41E40C77000E2584E /* Release */ = {
			isa = XCBuildConfiguration;
			buildSettings = {
				ASSETCATALOG_COMPILER_APPICON_NAME = AppIcon;
				INFOPLIST_FILE = TableViewPlay/Info.plist;
				LD_RUNPATH_SEARCH_PATHS = "$(inherited) @executable_path/Frameworks";
				PRODUCT_BUNDLE_IDENTIFIER = com.example.TableViewPlay;
				PRODUCT_NAME = "$(TARGET_NAME)";
				SWIFT_VERSION = 3.0;
			};
			name = Release;
		};
/* End XCBuildConfiguration section */

/* Begin XCConfigurationList section */
		7340EECB1E40C77000E2584E /* Build configuration list for PBXProject "TableViewPlay" */ = {
			isa = XCConfigurationList;
			buildConfigurations = (
				7340EEE01E40C77000E2584E /* Debug */,
				7340EEE11E40C77000E2584E /* Release */,
			);
			defaultConfigurationIsVisible = 0;
			defaultConfigurationName = Release;
		};
		7340EEE21E40C77000E2584E /* Build configuration list for PBXNativeTarget "TableViewPlay" */ = {
			isa = XCConfigurationList;
			buildConfigurations = (
				7340EEE31E40C77000E2584E /* Debug */,
				7340EEE41E40C77000E2584E /* Release */,
			);
			defaultConfigurationIsVisible = 0;
		};
/* End XCConfigurationList section */
	};
	rootObject = 7340EEC81E40C77000E2584E /* Project object */;
}
