// !$*UTF8*$!
{
	archiveVersion = 1;
	classes = {
	};
	objectVersion = 46;
	objects = {

/* Begin PBXBuildFile section */
		7347C37E1E71AB7400F4D72B /* AppDelegate.swift in Sources */ = {isa = PBXBuildFile; fileRef = 7347C37D1E71AB7400F4D72B /* AppDelegate.swift */; };
		7347C3801E71AB7400F4D72B /* ViewController.swift in Sources */ = {isa = PBXBuildFile; fileRef = 7347C37F1E71AB7400F4D72B /* ViewController.swift */; };
		7347C3831E71AB7400F4D72B /* Main.storyboard in Resources */ = {isa = PBXBuildFile; fileRef = 7347C3811E71AB7400F4D72B /* Main.storyboard */; };
		7347C3851E71AB7400F4D72B /* Assets.xcassets in Resources */ = {isa = PBXBuildFile; fileRef = 7347C3841E71AB7400F4D72B /* Assets.xcassets */; };
		7347C3881E71AB7400F4D72B /* LaunchScreen.storyboard in Resources */ = {isa = PBXBuildFile; fileRef = 7347C3861E71AB7400F4D72B /* LaunchScreen.storyboard */; };
/* End PBXBuildFile section */

/* Begin PBXFileReference section */
		7347C37A1E71AB7400F4D72B /* Name3.app */ = {isa = PBXFileReference; explicitFileType = wrapper.application; includeInIndex = 0; path = Name3.app; sourceTree = BUILT_PRODUCTS_DIR; };
		7347C37D1E71AB7400F4D72B /* AppDelegate.swift */ = {isa = PBXFileReference; lastKnownFileType = sourcecode.swift; path = AppDelegate.swift; sourceTree = "<group>"; };
		7347C37F1E71AB7400F4D72B /* ViewController.swift */ = {isa = PBXFileReference; lastKnownFileType = sourcecode.swift; path = ViewController.swift; sourceTree = "<group>"; };
		7347C3821E71AB7400F4D72B /* Base */ = {isa = PBXFileReference; lastKnownFileType = file.storyboard; name = Base; path = Base.lproj/Main.storyboard; sourceTree = "<group>"; };
		7347C3841E71AB7400F4D72B /* Assets.xcassets */ = {isa = PBXFileReference; lastKnownFileType = folder.assetcatalog; path = Assets.xcassets; sourceTree = "<group>"; };
		7347C3871E71AB7400F4D72B /* Base */ = {isa = PBXFileReference; lastKnownFileType = file.storyboard; name = Base; path = Base.lproj/LaunchScreen.storyboard; sourceTree = "<group>"; };
		7347C3891E71AB7400F4D72B /* Info.plist */ = {isa = PBXFileReference; lastKnownFileType = text.plist.xml; path = Info.plist; sourceTree = "<group>"; };
/* End PBXFileReference section */

/* Begin PBXFrameworksBuildPhase section */
		7347C3771E71AB7400F4D72B /* Frameworks */ = {
			isa = PBXFrameworksBuildPhase;
			buildActionMask = 2147483647;
			files = (
			);
			runOnlyForDeploymentPostprocessing = 0;
		};
/* End PBXFrameworksBuildPhase section */

/* Begin PBXGroup section */
		7347C3711E71AB7400F4D72B = {
			isa = PBXGroup;
			children = (
				7347C37C1E71AB7400F4D72B /* Name3 */,
				7347C37B1E71AB7400F4D72B /* Products */,
			);
			sourceTree = "<group>";
		};
		7347C37B1E71AB7400F4D72B /* Products */ = {
			isa = PBXGroup;
			children = (
				7347C37A1E71AB7400F4D72B /* Name3.app */,
			);
			name = Products;
			sourceTree = "<group>";
		};
		7347C37C1E71AB7400F4D72B /* Name3 */ = {
			isa = PBXGroup;
			children = (
				7347C37D1E71AB7400F4D72B /* AppDelegate.swift */,
				7347C37F1E71AB7400F4D72B /* ViewController.swift */,
				7347C3811E71AB7400F4D72B /* Main.storyboard */,
				7347C3841E71AB7400F4D72B /* Assets.xcassets */,
				7347C3861E71AB7400F4D72B /* LaunchScreen.storyboard */,
				7347C3891E71AB7400F4D72B /* Info.plist */,
			);
			path = Name3;
			sourceTree = "<group>";
		};
/* End PBXGroup section */

/* Begin PBXNativeTarget section */
		7347C3791E71AB7400F4D72B /* Name3 */ = {
			isa = PBXNativeTarget;
			buildConfigurationList = 7347C38C1E71AB7400F4D72B /* Build configuration list for PBXNativeTarget "Name3" */;
			buildPhases = (
				7347C3761E71AB7400F4D72B /* Sources */,
				7347C3771E71AB7400F4D72B /* Frameworks */,
				7347C3781E71AB7400F4D72B /* Resources */,
			);
			buildRules = (
			);
			dependencies = (
			);
			name = Name3;
			productName = Name3;
			productReference = 7347C37A1E71AB7400F4D72B /* Name3.app */;
			productType = "com.apple.product-type.application";
		};
/* End PBXNativeTarget section */

/* Begin PBXProject section */
		7347C3721E71AB7400F4D72B /* Project object */ = {
			isa = PBXProject;
			attributes = {
				LastSwiftUpdateCheck = 0820;
				LastUpgradeCheck = 0820;
				ORGANIZATIONNAME = "Josh McDonald";
				TargetAttributes = {
					7347C3791E71AB7400F4D72B = {
						CreatedOnToolsVersion = 8.2.1;
						ProvisioningStyle = Automatic;
					};
				};
			};
			buildConfigurationList = 7347C3751E71AB7400F4D72B /* Build configuration list for PBXProject "Name3" */;
			compatibilityVersion = "Xcode 3.2";
			developmentRegion = English;
			hasScannedForEncodings = 0;
			knownRegions = (
				en,
				Base,
			);
			mainGroup = 7347C3711E71AB7400F4D72B;
			productRefGroup = 7347C37B1E71AB7400F4D72B /* Products */;
			projectDirPath = "";
			projectRoot = "";
			targets = (
				7347C3791E71AB7400F4D72B /* Name3 */,
			);
		};
/* End PBXProject section */

/* Begin PBXResourcesBuildPhase section */
		7347C3781E71AB7400F4D72B /* Resources */ = {
			isa = PBXResourcesBuildPhase;
			buildActionMask = 2147483647;
			files = (
				7347C3881E71AB7400F4D72B /* LaunchScreen.storyboard in Resources */,
				7347C3851E71AB7400F4D72B /* Assets.xcassets in Resources */,
				7347C3831E71AB7400F4D72B /* Main.storyboard in Resources */,
			);
			runOnlyForDeploymentPostprocessing = 0;
		};
/* End PBXResourcesBuildPhase section */

/* Begin PBXSourcesBuildPhase section */
		7347C3761E71AB7400F4D72B /* Sources */ = {
			isa = PBXSourcesBuildPhase;
			buildActionMask = 2147483647;
			files = (
				7347C3801E71AB7400F4D72B /* ViewController.swift in Sources */,
				7347C37E1E71AB7400F4D72B /* AppDelegate.swift in Sources */,
			);
			runOnlyForDeploymentPostprocessing = 0;
		};
/* End PBXSourcesBuildPhase section */

/* Begin PBXVariantGroup section */
		7347C3811E71AB7400F4D72B /* Main.storyboard */ = {
			isa = PBXVariantGroup;
			children = (
				7347C3821E71AB7400F4D72B /* Base */,
			);
			name = Main.storyboard;
			sourceTree = "<group>";
		};
		7347C3861E71AB7400F4D72B /* LaunchScreen.storyboard */ = {
			isa = PBXVariantGroup;
			children = (
				7347C3871E71AB7400F4D72B /* Base */,
			);
			name = LaunchScreen.storyboard;
			sourceTree = "<group>";
		};
/* End PBXVariantGroup section */

/* Begin XCBuildConfiguration section */
		7347C38A1E71AB7400F4D72B /* Debug */ = {
			isa = XCBuildConfiguration;
			buildSettings = {
				ALWAYS_SEARCH_USER_PATHS = NO;
				CLANG_ANALYZER_NONNULL = YES;
				CLANG_CXX_LANGUAGE_STANDARD = "gnu++0x";
				CLANG_CXX_LIBRARY = "libc++";
				CLANG_ENABLE_MODULES = YES;
				CLANG_ENABLE_OBJC_ARC = YES;
				CLANG_WARN_BOOL_CONVERSION = YES;
				CLANG_WARN_CONSTANT_CONVERSION = YES;
				CLANG_WARN_DIRECT_OBJC_ISA_USAGE = YES_ERROR;
				CLANG_WARN_DOCUMENTATION_COMMENTS = YES;
				CLANG_WARN_EMPTY_BODY = YES;
				CLANG_WARN_ENUM_CONVERSION = YES;
				CLANG_WARN_INFINITE_RECURSION = YES;
				CLANG_WARN_INT_CONVERSION = YES;
				CLANG_WARN_OBJC_ROOT_CLASS = YES_ERROR;
				CLANG_WARN_SUSPICIOUS_MOVE = YES;
				CLANG_WARN_UNREACHABLE_CODE = YES;
				CLANG_WARN__DUPLICATE_METHOD_MATCH = YES;
				"CODE_SIGN_IDENTITY[sdk=iphoneos*]" = "iPhone Developer";
				COPY_PHASE_STRIP = NO;
				DEBUG_INFORMATION_FORMAT = dwarf;
				ENABLE_STRICT_OBJC_MSGSEND = YES;
				ENABLE_TESTABILITY = YES;
				GCC_C_LANGUAGE_STANDARD = gnu99;
				GCC_DYNAMIC_NO_PIC = NO;
				GCC_NO_COMMON_BLOCKS = YES;
				GCC_OPTIMIZATION_LEVEL = 0;
				GCC_PREPROCESSOR_DEFINITIONS = (
					"DEBUG=1",
					"$(inherited)",
				);
				GCC_WARN_64_TO_32_BIT_CONVERSION = YES;
				GCC_WARN_ABOUT_RETURN_TYPE = YES_ERROR;
				GCC_WARN_UNDECLARED_SELECTOR = YES;
				GCC_WARN_UNINITIALIZED_AUTOS = YES_AGGRESSIVE;
				GCC_WARN_UNUSED_FUNCTION = YES;
				GCC_WARN_UNUSED_VARIABLE = YES;
				IPHONEOS_DEPLOYMENT_TARGET = 10.2;
				MTL_ENABLE_DEBUG_INFO = YES;
				ONLY_ACTIVE_ARCH = YES;
				SDKROOT = iphoneos;
				SWIFT_ACTIVE_COMPILATION_CONDITIONS = DEBUG;
				SWIFT_OPTIMIZATION_LEVEL = "-Onone";
				TARGETED_DEVICE_FAMILY = "1,2";
			};
			name = Debug;
		};
		7347C38B1E71AB7400F4D72B /* Release */ = {
			isa = XCBuildConfiguration;
			buildSettings = {
				ALWAYS_SEARCH_USER_PATHS = NO;
				CLANG_ANALYZER_NONNULL = YES;
				CLANG_CXX_LANGUAGE_STANDARD = "gnu++0x";
				CLANG_CXX_LIBRARY = "libc++";
				CLANG_ENABLE_MODULES = YES;
				CLANG_ENABLE_OBJC_ARC = YES;
				CLANG_WARN_BOOL_CONVERSION = YES;
				CLANG_WARN_CONSTANT_CONVERSION = YES;
				CLANG_WARN_DIRECT_OBJC_ISA_USAGE = YES_ERROR;
				CLANG_WARN_DOCUMENTATION_COMMENTS = YES;
				CLANG_WARN_EMPTY_BODY = YES;
				CLANG_WARN_ENUM_CONVERSION = YES;
				CLANG_WARN_INFINITE_RECURSION = YES;
				CLANG_WARN_INT_CONVERSION = YES;
				CLANG_WARN_OBJC_ROOT_CLASS = YES_ERROR;
				CLANG_WARN_SUSPICIOUS_MOVE = YES;
				CLANG_WARN_UNREACHABLE_CODE = YES;
				CLANG_WARN__DUPLICATE_METHOD_MATCH = YES;
				"CODE_SIGN_IDENTITY[sdk=iphoneos*]" = "iPhone Developer";
				COPY_PHASE_STRIP = NO;
				DEBUG_INFORMATION_FORMAT = "dwarf-with-dsym";
				ENABLE_NS_ASSERTIONS = NO;
				ENABLE_STRICT_OBJC_MSGSEND = YES;
				GCC_C_LANGUAGE_STANDARD = gnu99;
				GCC_NO_COMMON_BLOCKS = YES;
				GCC_WARN_64_TO_32_BIT_CONVERSION = YES;
				GCC_WARN_ABOUT_RETURN_TYPE = YES_ERROR;
				GCC_WARN_UNDECLARED_SELECTOR = YES;
				GCC_WARN_UNINITIALIZED_AUTOS = YES_AGGRESSIVE;
				GCC_WARN_UNUSED_FUNCTION = YES;
				GCC_WARN_UNUSED_VARIABLE = YES;
				IPHONEOS_DEPLOYMENT_TARGET = 10.2;
				MTL_ENABLE_DEBUG_INFO = NO;
				SDKROOT = iphoneos;
				SWIFT_OPTIMIZATION_LEVEL = "-Owholemodule";
				TARGETED_DEVICE_FAMILY = "1,2";
				VALIDATE_PRODUCT = YES;
			};
			name = Release;
		};
		7347C38D1E71AB7400F4D72B /* Debug */ = {
			isa = XCBuildConfiguration;
			buildSettings = {
				ASSETCATALOG_COMPILER_APPICON_NAME = AppIcon;
				INFOPLIST_FILE = Name3/Info.plist;
				LD_RUNPATH_SEARCH_PATHS = "$(inherited) @executable_path/Frameworks";
				PRODUCT_BUNDLE_IDENTIFIER = com.example.Name3;
				PRODUCT_NAME = "$(TARGET_NAME)";
				SWIFT_VERSION = 3.0;
			};
			name = Debug;
		};
		7347C38E1E71AB7400F4D72B /* Release */ = {
			isa = XCBuildConfiguration;
			buildSettings = {
				ASSETCATALOG_COMPILER_APPICON_NAME = AppIcon;
				INFOPLIST_FILE = Name3/Info.plist;
				LD_RUNPATH_SEARCH_PATHS = "$(inherited) @executable_path/Frameworks";
				PRODUCT_BUNDLE_IDENTIFIER = com.example.Name3;
				PRODUCT_NAME = "$(TARGET_NAME)";
				SWIFT_VERSION = 3.0;
			};
			name = Release;
		};
/* End XCBuildConfiguration section */

/* Begin XCConfigurationList section */
		7347C3751E71AB7400F4D72B /* Build configuration list for PBXProject "Name3" */ = {
			isa = XCConfigurationList;
			buildConfigurations = (
				7347C38A1E71AB7400F4D72B /* Debug */,
				7347C38B1E71AB7400F4D72B /* Release */,
			);
			defaultConfigurationIsVisible = 0;
			defaultConfigurationName = Release;
		};
		7347C38C1E71AB7400F4D72B /* Build configuration list for PBXNativeTarget "Name3" */ = {
			isa = XCConfigurationList;
			buildConfigurations = (
				7347C38D1E71AB7400F4D72B /* Debug */,
				7347C38E1E71AB7400F4D72B /* Release */,
			);
			defaultConfigurationIsVisible = 0;
		};
/* End XCConfigurationList section */
	};
	rootObject = 7347C3721E71AB7400F4D72B /* Project object */;
}
