// !$*UTF8*$!
{
	archiveVersion = 1;
	classes = {
	};
	objectVersion = 46;
	objects = {

/* Begin PBXBuildFile section */
		739A27BD1E423C9500C37255 /* AppDelegate.swift in Sources */ = {isa = PBXBuildFile; fileRef = 739A27BC1E423C9500C37255 /* AppDelegate.swift */; };
		739A27C21E423C9500C37255 /* Main.storyboard in Resources */ = {isa = PBXBuildFile; fileRef = 739A27C01E423C9500C37255 /* Main.storyboard */; };
		739A27C41E423C9500C37255 /* Assets.xcassets in Resources */ = {isa = PBXBuildFile; fileRef = 739A27C31E423C9500C37255 /* Assets.xcassets */; };
		739A27C71E423C9500C37255 /* LaunchScreen.storyboard in Resources */ = {isa = PBXBuildFile; fileRef = 739A27C51E423C9500C37255 /* LaunchScreen.storyboard */; };
		739A27D01E423D1500C37255 /* PlanetsTableViewController.swift in Sources */ = {isa = PBXBuildFile; fileRef = 739A27CF1E423D1500C37255 /* PlanetsTableViewController.swift */; };
/* End PBXBuildFile section */

/* Begin PBXFileReference section */
		739A27B91E423C9500C37255 /* ExampleTableView.app */ = {isa = PBXFileReference; explicitFileType = wrapper.application; includeInIndex = 0; path = ExampleTableView.app; sourceTree = BUILT_PRODUCTS_DIR; };
		739A27BC1E423C9500C37255 /* AppDelegate.swift */ = {isa = PBXFileReference; lastKnownFileType = sourcecode.swift; path = AppDelegate.swift; sourceTree = "<group>"; };
		739A27C11E423C9500C37255 /* Base */ = {isa = PBXFileReference; lastKnownFileType = file.storyboard; name = Base; path = Base.lproj/Main.storyboard; sourceTree = "<group>"; };
		739A27C31E423C9500C37255 /* Assets.xcassets */ = {isa = PBXFileReference; lastKnownFileType = folder.assetcatalog; path = Assets.xcassets; sourceTree = "<group>"; };
		739A27C61E423C9500C37255 /* Base */ = {isa = PBXFileReference; lastKnownFileType = file.storyboard; name = Base; path = Base.lproj/LaunchScreen.storyboard; sourceTree = "<group>"; };
		739A27C81E423C9500C37255 /* Info.plist */ = {isa = PBXFileReference; lastKnownFileType = text.plist.xml; path = Info.plist; sourceTree = "<group>"; };
		739A27CF1E423D1500C37255 /* PlanetsTableViewController.swift */ = {isa = PBXFileReference; fileEncoding = 4; lastKnownFileType = sourcecode.swift; path = PlanetsTableViewController.swift; sourceTree = "<group>"; };
/* End PBXFileReference section */

/* Begin PBXFrameworksBuildPhase section */
		739A27B61E423C9500C37255 /* Frameworks */ = {
			isa = PBXFrameworksBuildPhase;
			buildActionMask = 2147483647;
			files = (
			);
			runOnlyForDeploymentPostprocessing = 0;
		};
/* End PBXFrameworksBuildPhase section */

/* Begin PBXGroup section */
		739A27B01E423C9500C37255 = {
			isa = PBXGroup;
			children = (
				739A27C01E423C9500C37255 /* Main.storyboard */,
				739A27CF1E423D1500C37255 /* PlanetsTableViewController.swift */,
				739A27BB1E423C9500C37255 /* ExampleTableView */,
				739A27BA1E423C9500C37255 /* Products */,
				739A27CE1E423C9C00C37255 /* Stuff */,
			);
			sourceTree = "<group>";
		};
		739A27BA1E423C9500C37255 /* Products */ = {
			isa = PBXGroup;
			children = (
				739A27B91E423C9500C37255 /* ExampleTableView.app */,
			);
			name = Products;
			sourceTree = "<group>";
		};
		739A27BB1E423C9500C37255 /* ExampleTableView */ = {
			isa = PBXGroup;
			children = (
			);
			path = ExampleTableView;
			sourceTree = "<group>";
		};
		739A27CE1E423C9C00C37255 /* Stuff */ = {
			isa = PBXGroup;
			children = (
				739A27BC1E423C9500C37255 /* AppDelegate.swift */,
				739A27C31E423C9500C37255 /* Assets.xcassets */,
				739A27C81E423C9500C37255 /* Info.plist */,
				739A27C51E423C9500C37255 /* LaunchScreen.storyboard */,
			);
			name = Stuff;
			path = ExampleTableView;
			sourceTree = "<group>";
		};
/* End PBXGroup section */

/* Begin PBXNativeTarget section */
		739A27B81E423C9500C37255 /* ExampleTableView */ = {
			isa = PBXNativeTarget;
			buildConfigurationList = 739A27CB1E423C9500C37255 /* Build configuration list for PBXNativeTarget "ExampleTableView" */;
			buildPhases = (
				739A27B51E423C9500C37255 /* Sources */,
				739A27B61E423C9500C37255 /* Frameworks */,
				739A27B71E423C9500C37255 /* Resources */,
			);
			buildRules = (
			);
			dependencies = (
			);
			name = ExampleTableView;
			productName = ExampleTableView;
			productReference = 739A27B91E423C9500C37255 /* ExampleTableView.app */;
			productType = "com.apple.product-type.application";
		};
/* End PBXNativeTarget section */

/* Begin PBXProject section */
		739A27B11E423C9500C37255 /* Project object */ = {
			isa = PBXProject;
			attributes = {
				LastSwiftUpdateCheck = 0810;
				LastUpgradeCheck = 0810;
				ORGANIZATIONNAME = "Josh McDonald";
				TargetAttributes = {
					739A27B81E423C9500C37255 = {
						CreatedOnToolsVersion = 8.1;
						ProvisioningStyle = Automatic;
					};
				};
			};
			buildConfigurationList = 739A27B41E423C9500C37255 /* Build configuration list for PBXProject "ExampleTableView" */;
			compatibilityVersion = "Xcode 3.2";
			developmentRegion = English;
			hasScannedForEncodings = 0;
			knownRegions = (
				en,
				Base,
			);
			mainGroup = 739A27B01E423C9500C37255;
			productRefGroup = 739A27BA1E423C9500C37255 /* Products */;
			projectDirPath = "";
			projectRoot = "";
			targets = (
				739A27B81E423C9500C37255 /* ExampleTableView */,
			);
		};
/* End PBXProject section */

/* Begin PBXResourcesBuildPhase section */
		739A27B71E423C9500C37255 /* Resources */ = {
			isa = PBXResourcesBuildPhase;
			buildActionMask = 2147483647;
			files = (
				739A27C71E423C9500C37255 /* LaunchScreen.storyboard in Resources */,
				739A27C41E423C9500C37255 /* Assets.xcassets in Resources */,
				739A27C21E423C9500C37255 /* Main.storyboard in Resources */,
			);
			runOnlyForDeploymentPostprocessing = 0;
		};
/* End PBXResourcesBuildPhase section */

/* Begin PBXSourcesBuildPhase section */
		739A27B51E423C9500C37255 /* Sources */ = {
			isa = PBXSourcesBuildPhase;
			buildActionMask = 2147483647;
			files = (
				739A27D01E423D1500C37255 /* PlanetsTableViewController.swift in Sources */,
				739A27BD1E423C9500C37255 /* AppDelegate.swift in Sources */,
			);
			runOnlyForDeploymentPostprocessing = 0;
		};
/* End PBXSourcesBuildPhase section */

/* Begin PBXVariantGroup section */
		739A27C01E423C9500C37255 /* Main.storyboard */ = {
			isa = PBXVariantGroup;
			children = (
				739A27C11E423C9500C37255 /* Base */,
			);
			name = Main.storyboard;
			path = ExampleTableView;
			sourceTree = "<group>";
		};
		739A27C51E423C9500C37255 /* LaunchScreen.storyboard */ = {
			isa = PBXVariantGroup;
			children = (
				739A27C61E423C9500C37255 /* Base */,
			);
			name = LaunchScreen.storyboard;
			sourceTree = "<group>";
		};
/* End PBXVariantGroup section */

/* Begin XCBuildConfiguration section */
		739A27C91E423C9500C37255 /* Debug */ = {
			isa = XCBuildConfiguration;
			buildSettings = {
				ALWAYS_SEARCH_USER_PATHS = NO;
				CLANG_ANALYZER_NONNULL = YES;
				CLANG_CXX_LANGUAGE_STANDARD = "gnu++0x";
				CLANG_CXX_LIBRARY = "libc++";
				CLANG_ENABLE_MODULES = YES;
				CLANG_ENABLE_OBJC_ARC = YES;
				CLANG_WARN_BOOL_CONVERSION = YES;
				CLANG_WARN_CONSTANT_CONVERSION = YES;
				CLANG_WARN_DIRECT_OBJC_ISA_USAGE = YES_ERROR;
				CLANG_WARN_DOCUMENTATION_COMMENTS = YES;
				CLANG_WARN_EMPTY_BODY = YES;
				CLANG_WARN_ENUM_CONVERSION = YES;
				CLANG_WARN_INFINITE_RECURSION = YES;
				CLANG_WARN_INT_CONVERSION = YES;
				CLANG_WARN_OBJC_ROOT_CLASS = YES_ERROR;
				CLANG_WARN_SUSPICIOUS_MOVES = YES;
				CLANG_WARN_UNREACHABLE_CODE = YES;
				CLANG_WARN__DUPLICATE_METHOD_MATCH = YES;
				"CODE_SIGN_IDENTITY[sdk=iphoneos*]" = "iPhone Developer";
				COPY_PHASE_STRIP = NO;
				DEBUG_INFORMATION_FORMAT = dwarf;
				ENABLE_STRICT_OBJC_MSGSEND = YES;
				ENABLE_TESTABILITY = YES;
				GCC_C_LANGUAGE_STANDARD = gnu99;
				GCC_DYNAMIC_NO_PIC = NO;
				GCC_NO_COMMON_BLOCKS = YES;
				GCC_OPTIMIZATION_LEVEL = 0;
				GCC_PREPROCESSOR_DEFINITIONS = (
					"DEBUG=1",
					"$(inherited)",
				);
				GCC_WARN_64_TO_32_BIT_CONVERSION = YES;
				GCC_WARN_ABOUT_RETURN_TYPE = YES_ERROR;
				GCC_WARN_UNDECLARED_SELECTOR = YES;
				GCC_WARN_UNINITIALIZED_AUTOS = YES_AGGRESSIVE;
				GCC_WARN_UNUSED_FUNCTION = YES;
				GCC_WARN_UNUSED_VARIABLE = YES;
				IPHONEOS_DEPLOYMENT_TARGET = 10.1;
				MTL_ENABLE_DEBUG_INFO = YES;
				ONLY_ACTIVE_ARCH = YES;
				SDKROOT = iphoneos;
				SWIFT_ACTIVE_COMPILATION_CONDITIONS = DEBUG;
				SWIFT_OPTIMIZATION_LEVEL = "-Onone";
				TARGETED_DEVICE_FAMILY = "1,2";
			};
			name = Debug;
		};
		739A27CA1E423C9500C37255 /* Release */ = {
			isa = XCBuildConfiguration;
			buildSettings = {
				ALWAYS_SEARCH_USER_PATHS = NO;
				CLANG_ANALYZER_NONNULL = YES;
				CLANG_CXX_LANGUAGE_STANDARD = "gnu++0x";
				CLANG_CXX_LIBRARY = "libc++";
				CLANG_ENABLE_MODULES = YES;
				CLANG_ENABLE_OBJC_ARC = YES;
				CLANG_WARN_BOOL_CONVERSION = YES;
				CLANG_WARN_CONSTANT_CONVERSION = YES;
				CLANG_WARN_DIRECT_OBJC_ISA_USAGE = YES_ERROR;
				CLANG_WARN_DOCUMENTATION_COMMENTS = YES;
				CLANG_WARN_EMPTY_BODY = YES;
				CLANG_WARN_ENUM_CONVERSION = YES;
				CLANG_WARN_INFINITE_RECURSION = YES;
				CLANG_WARN_INT_CONVERSION = YES;
				CLANG_WARN_OBJC_ROOT_CLASS = YES_ERROR;
				CLANG_WARN_SUSPICIOUS_MOVES = YES;
				CLANG_WARN_UNREACHABLE_CODE = YES;
				CLANG_WARN__DUPLICATE_METHOD_MATCH = YES;
				"CODE_SIGN_IDENTITY[sdk=iphoneos*]" = "iPhone Developer";
				COPY_PHASE_STRIP = NO;
				DEBUG_INFORMATION_FORMAT = "dwarf-with-dsym";
				ENABLE_NS_ASSERTIONS = NO;
				ENABLE_STRICT_OBJC_MSGSEND = YES;
				GCC_C_LANGUAGE_STANDARD = gnu99;
				GCC_NO_COMMON_BLOCKS = YES;
				GCC_WARN_64_TO_32_BIT_CONVERSION = YES;
				GCC_WARN_ABOUT_RETURN_TYPE = YES_ERROR;
				GCC_WARN_UNDECLARED_SELECTOR = YES;
				GCC_WARN_UNINITIALIZED_AUTOS = YES_AGGRESSIVE;
				GCC_WARN_UNUSED_FUNCTION = YES;
				GCC_WARN_UNUSED_VARIABLE = YES;
				IPHONEOS_DEPLOYMENT_TARGET = 10.1;
				MTL_ENABLE_DEBUG_INFO = NO;
				SDKROOT = iphoneos;
				SWIFT_OPTIMIZATION_LEVEL = "-Owholemodule";
				TARGETED_DEVICE_FAMILY = "1,2";
				VALIDATE_PRODUCT = YES;
			};
			name = Release;
		};
		739A27CC1E423C9500C37255 /* Debug */ = {
			isa = XCBuildConfiguration;
			buildSettings = {
				ASSETCATALOG_COMPILER_APPICON_NAME = AppIcon;
				INFOPLIST_FILE = ExampleTableView/Info.plist;
				LD_RUNPATH_SEARCH_PATHS = "$(inherited) @executable_path/Frameworks";
				PRODUCT_BUNDLE_IDENTIFIER = com.example.ExampleTableView;
				PRODUCT_NAME = "$(TARGET_NAME)";
				SWIFT_VERSION = 3.0;
			};
			name = Debug;
		};
		739A27CD1E423C9500C37255 /* Release */ = {
			isa = XCBuildConfiguration;
			buildSettings = {
				ASSETCATALOG_COMPILER_APPICON_NAME = AppIcon;
				INFOPLIST_FILE = ExampleTableView/Info.plist;
				LD_RUNPATH_SEARCH_PATHS = "$(inherited) @executable_path/Frameworks";
				PRODUCT_BUNDLE_IDENTIFIER = com.example.ExampleTableView;
				PRODUCT_NAME = "$(TARGET_NAME)";
				SWIFT_VERSION = 3.0;
			};
			name = Release;
		};
/* End XCBuildConfiguration section */

/* Begin XCConfigurationList section */
		739A27B41E423C9500C37255 /* Build configuration list for PBXProject "ExampleTableView" */ = {
			isa = XCConfigurationList;
			buildConfigurations = (
				739A27C91E423C9500C37255 /* Debug */,
				739A27CA1E423C9500C37255 /* Release */,
			);
			defaultConfigurationIsVisible = 0;
			defaultConfigurationName = Release;
		};
		739A27CB1E423C9500C37255 /* Build configuration list for PBXNativeTarget "ExampleTableView" */ = {
			isa = XCConfigurationList;
			buildConfigurations = (
				739A27CC1E423C9500C37255 /* Debug */,
				739A27CD1E423C9500C37255 /* Release */,
			);
			defaultConfigurationIsVisible = 0;
		};
/* End XCConfigurationList section */
	};
	rootObject = 739A27B11E423C9500C37255 /* Project object */;
}
